
Microsoft Visual Studio Solution File, Format Version 12.00
# Visual Studio Version 17
VisualStudioVersion = 17.5.33530.505
MinimumVisualStudioVersion = 10.0.40219.1
Project("{2150E333-8FDC-42A3-9474-1A3956D46DE8}") = "Build", "Build", "{4473262A-B53B-44A2-B6CC-A052F9AAA286}"
EndProject
Project("{2150E333-8FDC-42A3-9474-1A3956D46DE8}") = "Src", "Src", "{09B73DED-3E34-4E96-B165-5EB8177042E2}"
EndProject
Project("{2150E333-8FDC-42A3-9474-1A3956D46DE8}") = "Deploy", "Deploy", "{79D168B0-ACDC-41F6-8C65-557BBCB132A0}"
EndProject
Project("{2150E333-8FDC-42A3-9474-1A3956D46DE8}") = "Test", "Test", "{E9C32835-8088-445F-8B2E-A52D3B454A81}"
EndProject
Project("{2150E333-8FDC-42A3-9474-1A3956D46DE8}") = "Wiki", "Wiki", "{96FAB0F5-D81C-4073-A0D1-AB6A8AACDB20}"
EndProject
Project("{2150E333-8FDC-42A3-9474-1A3956D46DE8}") = "Client", "Client", "{2941A264-C1E4-46A3-B3D6-381E38772099}"
EndProject
Project("{2150E333-8FDC-42A3-9474-1A3956D46DE8}") = "API", "API", "{D9FE04C4-4B78-4566-A88B-51B2D58EE1FB}"
EndProject
Project("{2150E333-8FDC-42A3-9474-1A3956D46DE8}") = "Domain", "Domain", "{BB71CBA6-6C2D-4D64-BA91-F5AAA683008A}"
EndProject
Project("{2150E333-8FDC-42A3-9474-1A3956D46DE8}") = "Services", "Services", "{36F69327-72FA-4C38-A4FF-E2D34A1B86FD}"
EndProject
Project("{151D2E53-A2C4-4D7D-83FE-D05416EBD58E}") = "AzureResourceGroup", "Deploy\AzureResourceGroup\AzureResourceGroup.deployproj", "{592477DA-E4DA-4ECD-91B1-65E271D079E0}"
EndProject
Project("{9A19103F-16F7-4668-BE54-9A1E7A4F7556}") = "Camalot", "Src\API\Camalot\Camalot.csproj", "{E740C2AB-9367-406D-8F1A-B8C6381BBC83}"
EndProject
Project("{9A19103F-16F7-4668-BE54-9A1E7A4F7556}") = "Domain", "Src\API\Domain\Domain.csproj", "{E3D02C37-985A-42D9-A673-BF437C4B90E7}"
EndProject
Project("{9A19103F-16F7-4668-BE54-9A1E7A4F7556}") = "API", "Src\API\API\API.csproj", "{F7FF2ED8-559F-4732-BA8F-4648BE5557C7}"
EndProject
Project("{9A19103F-16F7-4668-BE54-9A1E7A4F7556}") = "Lottery", "Src\Client\Lottery.csproj", "{87158C28-DC8C-468F-B9B8-0BC2A9F3382E}"
EndProject
Global
	GlobalSection(SolutionConfigurationPlatforms) = preSolution
		Debug|Any CPU = Debug|Any CPU
		Release|Any CPU = Release|Any CPU
	EndGlobalSection
	GlobalSection(ProjectConfigurationPlatforms) = postSolution
		{592477DA-E4DA-4ECD-91B1-65E271D079E0}.Debug|Any CPU.ActiveCfg = Debug|Any CPU
		{592477DA-E4DA-4ECD-91B1-65E271D079E0}.Debug|Any CPU.Build.0 = Debug|Any CPU
		{592477DA-E4DA-4ECD-91B1-65E271D079E0}.Release|Any CPU.ActiveCfg = Release|Any CPU
		{592477DA-E4DA-4ECD-91B1-65E271D079E0}.Release|Any CPU.Build.0 = Release|Any CPU
		{E740C2AB-9367-406D-8F1A-B8C6381BBC83}.Debug|Any CPU.ActiveCfg = Debug|Any CPU
		{E740C2AB-9367-406D-8F1A-B8C6381BBC83}.Debug|Any CPU.Build.0 = Debug|Any CPU
		{E740C2AB-9367-406D-8F1A-B8C6381BBC83}.Release|Any CPU.ActiveCfg = Release|Any CPU
		{E740C2AB-9367-406D-8F1A-B8C6381BBC83}.Release|Any CPU.Build.0 = Release|Any CPU
		{E3D02C37-985A-42D9-A673-BF437C4B90E7}.Debug|Any CPU.ActiveCfg = Debug|Any CPU
		{E3D02C37-985A-42D9-A673-BF437C4B90E7}.Debug|Any CPU.Build.0 = Debug|Any CPU
		{E3D02C37-985A-42D9-A673-BF437C4B90E7}.Release|Any CPU.ActiveCfg = Release|Any CPU
		{E3D02C37-985A-42D9-A673-BF437C4B90E7}.Release|Any CPU.Build.0 = Release|Any CPU
		{F7FF2ED8-559F-4732-BA8F-4648BE5557C7}.Debug|Any CPU.ActiveCfg = Debug|Any CPU
		{F7FF2ED8-559F-4732-BA8F-4648BE5557C7}.Debug|Any CPU.Build.0 = Debug|Any CPU
		{F7FF2ED8-559F-4732-BA8F-4648BE5557C7}.Release|Any CPU.ActiveCfg = Release|Any CPU
		{F7FF2ED8-559F-4732-BA8F-4648BE5557C7}.Release|Any CPU.Build.0 = Release|Any CPU
		{87158C28-DC8C-468F-B9B8-0BC2A9F3382E}.Debug|Any CPU.ActiveCfg = Debug|Any CPU
		{87158C28-DC8C-468F-B9B8-0BC2A9F3382E}.Debug|Any CPU.Build.0 = Debug|Any CPU
		{87158C28-DC8C-468F-B9B8-0BC2A9F3382E}.Release|Any CPU.ActiveCfg = Release|Any CPU
		{87158C28-DC8C-468F-B9B8-0BC2A9F3382E}.Release|Any CPU.Build.0 = Release|Any CPU
	EndGlobalSection
	GlobalSection(SolutionProperties) = preSolution
		HideSolutionNode = FALSE
	EndGlobalSection
	GlobalSection(NestedProjects) = preSolution
		{2941A264-C1E4-46A3-B3D6-381E38772099} = {09B73DED-3E34-4E96-B165-5EB8177042E2}
		{D9FE04C4-4B78-4566-A88B-51B2D58EE1FB} = {09B73DED-3E34-4E96-B165-5EB8177042E2}
		{BB71CBA6-6C2D-4D64-BA91-F5AAA683008A} = {D9FE04C4-4B78-4566-A88B-51B2D58EE1FB}
		{36F69327-72FA-4C38-A4FF-E2D34A1B86FD} = {D9FE04C4-4B78-4566-A88B-51B2D58EE1FB}
		{592477DA-E4DA-4ECD-91B1-65E271D079E0} = {79D168B0-ACDC-41F6-8C65-557BBCB132A0}
		{E740C2AB-9367-406D-8F1A-B8C6381BBC83} = {36F69327-72FA-4C38-A4FF-E2D34A1B86FD}
		{E3D02C37-985A-42D9-A673-BF437C4B90E7} = {BB71CBA6-6C2D-4D64-BA91-F5AAA683008A}
		{F7FF2ED8-559F-4732-BA8F-4648BE5557C7} = {D9FE04C4-4B78-4566-A88B-51B2D58EE1FB}
		{87158C28-DC8C-468F-B9B8-0BC2A9F3382E} = {2941A264-C1E4-46A3-B3D6-381E38772099}
	EndGlobalSection
	GlobalSection(ExtensibilityGlobals) = postSolution
		SolutionGuid = {73DFC905-FD0E-4EA0-BA5C-4453907E05E4}
	EndGlobalSection
EndGlobal
